
Microsoft Visual Studio Solution File, Format Version 12.00
Project("{FAE04EC0-301F-11D3-BF4B-00C04F79EFBC}") = "WebApi", "WebApi\WebApi.csproj", "{81756EE9-6C16-469C-947D-FC23D9A8024E}"
EndProject
Project("{FAE04EC0-301F-11D3-BF4B-00C04F79EFBC}") = "Data", "Data\Data.csproj", "{FB889910-A797-4CCB-8297-3BE3699E6D19}"
EndProject
Project("{FAE04EC0-301F-11D3-BF4B-00C04F79EFBC}") = "WebApp", "WebApp\WebApp.csproj", "{A41958A4-FB5B-4A36-AA50-A77223CD5559}"
EndProject
Global
	GlobalSection(SolutionConfigurationPlatforms) = preSolution
		Debug|Any CPU = Debug|Any CPU
		Release|Any CPU = Release|Any CPU
	EndGlobalSection
	GlobalSection(ProjectConfigurationPlatforms) = postSolution
		{81756EE9-6C16-469C-947D-FC23D9A8024E}.Debug|Any CPU.ActiveCfg = Debug|Any CPU
		{81756EE9-6C16-469C-947D-FC23D9A8024E}.Debug|Any CPU.Build.0 = Debug|Any CPU
		{81756EE9-6C16-469C-947D-FC23D9A8024E}.Release|Any CPU.ActiveCfg = Release|Any CPU
		{81756EE9-6C16-469C-947D-FC23D9A8024E}.Release|Any CPU.Build.0 = Release|Any CPU
		{FB889910-A797-4CCB-8297-3BE3699E6D19}.Debug|Any CPU.ActiveCfg = Debug|Any CPU
		{FB889910-A797-4CCB-8297-3BE3699E6D19}.Debug|Any CPU.Build.0 = Debug|Any CPU
		{FB889910-A797-4CCB-8297-3BE3699E6D19}.Release|Any CPU.ActiveCfg = Release|Any CPU
		{FB889910-A797-4CCB-8297-3BE3699E6D19}.Release|Any CPU.Build.0 = Release|Any CPU
		{A41958A4-FB5B-4A36-AA50-A77223CD5559}.Debug|Any CPU.ActiveCfg = Debug|Any CPU
		{A41958A4-FB5B-4A36-AA50-A77223CD5559}.Debug|Any CPU.Build.0 = Debug|Any CPU
		{A41958A4-FB5B-4A36-AA50-A77223CD5559}.Release|Any CPU.ActiveCfg = Release|Any CPU
		{A41958A4-FB5B-4A36-AA50-A77223CD5559}.Release|Any CPU.Build.0 = Release|Any CPU
	EndGlobalSection
EndGlobal
